
Microsoft Visual Studio Solution File, Format Version 12.00
# Visual Studio 15
VisualStudioVersion = 15.0.27004.2005
MinimumVisualStudioVersion = 10.0.40219.1
Project("{FAE04EC0-301F-11D3-BF4B-00C04F79EFBC}") = "SectionalCropper", "SectionalCropper\SectionalCropper.csproj", "{088D611A-9FB6-4A9A-BD8F-CD5B9942515F}"
EndProject
Global
	GlobalSection(SolutionConfigurationPlatforms) = preSolution
		Debug|Any CPU = Debug|Any CPU
		Release|Any CPU = Release|Any CPU
	EndGlobalSection
	GlobalSection(ProjectConfigurationPlatforms) = postSolution
		{088D611A-9FB6-4A9A-BD8F-CD5B9942515F}.Debug|Any CPU.ActiveCfg = Debug|Any CPU
		{088D611A-9FB6-4A9A-BD8F-CD5B9942515F}.Debug|Any CPU.Build.0 = Debug|Any CPU
		{088D611A-9FB6-4A9A-BD8F-CD5B9942515F}.Release|Any CPU.ActiveCfg = Release|Any CPU
		{088D611A-9FB6-4A9A-BD8F-CD5B9942515F}.Release|Any CPU.Build.0 = Release|Any CPU
	EndGlobalSection
	GlobalSection(SolutionProperties) = preSolution
		HideSolutionNode = FALSE
	EndGlobalSection
	GlobalSection(ExtensibilityGlobals) = postSolution
		SolutionGuid = {B96E6B66-1A16-4224-8F7E-502D27612D2C}
	EndGlobalSection
EndGlobal
